
Microsoft Visual Studio Solution File, Format Version 12.00
# Visual Studio 15
VisualStudioVersion = 15.0.28307.1800
MinimumVisualStudioVersion = 10.0.40219.1
Project("{FAE04EC0-301F-11D3-BF4B-00C04F79EFBC}") = "Uniform store", "Uniform store\Uniform store.csproj", "{3D77EC2E-0A30-4984-82EF-27FE840C1BF5}"
EndProject
Global
	GlobalSection(SolutionConfigurationPlatforms) = preSolution
		Debug|Any CPU = Debug|Any CPU
		Release|Any CPU = Release|Any CPU
	EndGlobalSection
	GlobalSection(ProjectConfigurationPlatforms) = postSolution
		{3D77EC2E-0A30-4984-82EF-27FE840C1BF5}.Debug|Any CPU.ActiveCfg = Debug|Any CPU
		{3D77EC2E-0A30-4984-82EF-27FE840C1BF5}.Debug|Any CPU.Build.0 = Debug|Any CPU
		{3D77EC2E-0A30-4984-82EF-27FE840C1BF5}.Release|Any CPU.ActiveCfg = Release|Any CPU
		{3D77EC2E-0A30-4984-82EF-27FE840C1BF5}.Release|Any CPU.Build.0 = Release|Any CPU
	EndGlobalSection
	GlobalSection(SolutionProperties) = preSolution
		HideSolutionNode = FALSE
	EndGlobalSection
	GlobalSection(ExtensibilityGlobals) = postSolution
		SolutionGuid = {6F2904AF-72FA-47FE-B3A4-1EBF418E5982}
	EndGlobalSection
EndGlobal
